
Microsoft Visual Studio Solution File, Format Version 12.00
# Visual Studio Version 17
VisualStudioVersion = 17.14.36623.8
MinimumVisualStudioVersion = 10.0.40219.1
Project("{FAE04EC0-301F-11D3-BF4B-00C04F79EFBC}") = "Abstracciones", "Abstracciones\Abstracciones.csproj", "{7E054B04-A98A-4F5A-AFAA-96269C1AD200}"
EndProject
Project("{FAE04EC0-301F-11D3-BF4B-00C04F79EFBC}") = "Reglas", "Reglas\Reglas.csproj", "{AACA8901-DCBE-463F-A452-73A1C008998C}"
EndProject
Project("{FAE04EC0-301F-11D3-BF4B-00C04F79EFBC}") = "Web", "Web\Web.csproj", "{5AE6EE38-7FCC-46B4-BA33-04133D1B8F92}"
EndProject
Global
	GlobalSection(SolutionConfigurationPlatforms) = preSolution
		Debug|Any CPU = Debug|Any CPU
		Release|Any CPU = Release|Any CPU
	EndGlobalSection
	GlobalSection(ProjectConfigurationPlatforms) = postSolution
		{7E054B04-A98A-4F5A-AFAA-96269C1AD200}.Debug|Any CPU.ActiveCfg = Debug|Any CPU
		{7E054B04-A98A-4F5A-AFAA-96269C1AD200}.Debug|Any CPU.Build.0 = Debug|Any CPU
		{7E054B04-A98A-4F5A-AFAA-96269C1AD200}.Release|Any CPU.ActiveCfg = Release|Any CPU
		{7E054B04-A98A-4F5A-AFAA-96269C1AD200}.Release|Any CPU.Build.0 = Release|Any CPU
		{AACA8901-DCBE-463F-A452-73A1C008998C}.Debug|Any CPU.ActiveCfg = Debug|Any CPU
		{AACA8901-DCBE-463F-A452-73A1C008998C}.Debug|Any CPU.Build.0 = Debug|Any CPU
		{AACA8901-DCBE-463F-A452-73A1C008998C}.Release|Any CPU.ActiveCfg = Release|Any CPU
		{AACA8901-DCBE-463F-A452-73A1C008998C}.Release|Any CPU.Build.0 = Release|Any CPU
		{5AE6EE38-7FCC-46B4-BA33-04133D1B8F92}.Debug|Any CPU.ActiveCfg = Debug|Any CPU
		{5AE6EE38-7FCC-46B4-BA33-04133D1B8F92}.Debug|Any CPU.Build.0 = Debug|Any CPU
		{5AE6EE38-7FCC-46B4-BA33-04133D1B8F92}.Release|Any CPU.ActiveCfg = Release|Any CPU
		{5AE6EE38-7FCC-46B4-BA33-04133D1B8F92}.Release|Any CPU.Build.0 = Release|Any CPU
	EndGlobalSection
	GlobalSection(SolutionProperties) = preSolution
		HideSolutionNode = FALSE
	EndGlobalSection
	GlobalSection(ExtensibilityGlobals) = postSolution
		SolutionGuid = {568F8326-8B9B-447A-9509-820D60D2D238}
	EndGlobalSection
EndGlobal
